# THIS IS AN AUTOGENERATED FILE. DO NOT EDIT THIS FILE DIRECTLY.
# yarn lockfile v1


"@divine/sysconsole@^1.1.0":
  version "1.1.0"
  resolved "https://registry.yarnpkg.com/@divine/sysconsole/-/sysconsole-1.1.0.tgz#2d652b4f1c8e5cddb336a913d1e124c984b9ce58"
  integrity sha512-lVPO9sqojENnl4Yfw8LO/yVXSlvydGwdRhHP3vj74ht4kIdixPnDYw3lf0XTJSKQuothmLDvO3y51n6Lnt6Vug==
  dependencies:
    stack-trace "^0.0.10"
    syslog-client "1.1.1"

"@types/mz@^0.0.32":
  version "0.0.32"
  resolved "https://registry.yarnpkg.com/@types/mz/-/mz-0.0.32.tgz#e8248b4e41424c052edc1725dd33650c313a3659"
  integrity sha512-cy3yebKhrHuOcrJGkfwNHhpTXQLgmXSv1BX+4p32j+VUQ6aP2eJ5cL7OvGcAQx75fCTFaAIIAKewvqL+iwSd4g==
  dependencies:
    "@types/node" "*"

"@types/node@*":
  version "10.12.2"
  resolved "https://registry.yarnpkg.com/@types/node/-/node-10.12.2.tgz#d77f9faa027cadad9c912cd47f4f8b07b0fb0864"
  integrity sha512-53ElVDSnZeFUUFIYzI8WLQ25IhWzb6vbddNp8UHlXQyU0ET2RhV5zg0NfubzU7iNMh5bBXb0htCzfvrSVNgzaQ==

"@types/node@^6.0.118":
  version "6.14.1"
  resolved "https://registry.yarnpkg.com/@types/node/-/node-6.14.1.tgz#162b9001be0bb660708cd69e23f390abc1076fe5"
  integrity sha512-lfydm+Ul6buYjF6AmcenFjqVYB+tpNlGlwWLr43J1Cok4ybLQimrM8rdB1MdrjtyWdYRceZNgsAeSRZhFxNajQ==

any-promise@^1.0.0:
  version "1.3.0"
  resolved "https://registry.yarnpkg.com/any-promise/-/any-promise-1.3.0.tgz#abc6afeedcea52e809cdc0376aed3ce39635d17f"
  integrity sha1-q8av7tzqUugJzcA3au0845Y10X8=

commander@^2.19.0:
  version "2.19.0"
  resolved "https://registry.yarnpkg.com/commander/-/commander-2.19.0.tgz#f6198aa84e5b83c46054b94ddedbfed5ee9ff12a"
  integrity sha512-6tvAOO+D6OENvRAh524Dh9jcfKTYDQAqvqezbCW82xj5X0pSrcpxtvRKHLG0yBY6SD7PSDrJaj+0AiOcKVd1Xg==

daemonize-process@^2.0.0:
  version "2.0.0"
  resolved "https://registry.yarnpkg.com/daemonize-process/-/daemonize-process-2.0.0.tgz#c27d6404d5bef4d8159497b332c8cb19a1d747c3"
  integrity sha512-CovukQi+O3D3FXt50hTWGQ1jyVzAgJrTJUxV2GVNWoA5z5DsYzrWaTCRqu/bnLIA20rvnhxx+Cfn/kQLASe2/w==

mz@^2.7.0:
  version "2.7.0"
  resolved "https://registry.yarnpkg.com/mz/-/mz-2.7.0.tgz#95008057a56cafadc2bc63dde7f9ff6955948e32"
  integrity sha512-z81GNO7nnYMEhrGh9LeymoE4+Yr0Wn5McHIZMK5cfQCl+NDX08sCZgUc9/6MHni9IWuFLm1Z3HTCXu2z9fN62Q==
  dependencies:
    any-promise "^1.0.0"
    object-assign "^4.0.1"
    thenify-all "^1.0.0"

object-assign@^4.0.1:
  version "4.1.1"
  resolved "https://registry.yarnpkg.com/object-assign/-/object-assign-4.1.1.tgz#2109adc7965887cfc05cbbd442cac8bfbb360863"
  integrity sha1-IQmtx5ZYh8/AXLvUQsrIv7s2CGM=

phantomjs-bin@^2.1.1:
  version "2.1.1"
  resolved "https://registry.yarnpkg.com/phantomjs-bin/-/phantomjs-bin-2.1.1.tgz#6df251a781728819171aa0d656d6fa93241486bd"
  integrity sha1-bfJRp4FyiBkXGqDWVtb6kyQUhr0=

stack-trace@^0.0.10:
  version "0.0.10"
  resolved "https://registry.yarnpkg.com/stack-trace/-/stack-trace-0.0.10.tgz#547c70b347e8d32b4e108ea1a2a159e5fdde19c0"
  integrity sha1-VHxws0fo0ytOEI6hoqFZ5f3eGcA=

syslog-client@1.1.1:
  version "1.1.1"
  resolved "https://registry.yarnpkg.com/syslog-client/-/syslog-client-1.1.1.tgz#bdb28de3b5b7eb28a11352ec3eb78e55aed2ab6b"
  integrity sha1-vbKN47W36yihE1LsPreOVa7Sq2s=

thenify-all@^1.0.0:
  version "1.6.0"
  resolved "https://registry.yarnpkg.com/thenify-all/-/thenify-all-1.6.0.tgz#1a1918d402d8fc3f98fbf234db0bcc8cc10e9726"
  integrity sha1-GhkY1ALY/D+Y+/I02wvMjMEOlyY=
  dependencies:
    thenify ">= 3.1.0 < 4"

"thenify@>= 3.1.0 < 4":
  version "3.3.0"
  resolved "https://registry.yarnpkg.com/thenify/-/thenify-3.3.0.tgz#e69e38a1babe969b0108207978b9f62b88604839"
  integrity sha1-5p44obq+lpsBCCB5eLn2K4hgSDk=
  dependencies:
    any-promise "^1.0.0"

typescript@^3.1.3:
  version "3.1.6"
  resolved "https://registry.yarnpkg.com/typescript/-/typescript-3.1.6.tgz#b6543a83cfc8c2befb3f4c8fba6896f5b0c9be68"
  integrity sha512-tDMYfVtvpb96msS1lDX9MEdHrW4yOuZ4Kdc4Him9oU796XldPYF/t2+uKoX0BBa0hXXwDlqYQbXY5Rzjzc5hBA==
